
Microsoft Visual Studio Solution File, Format Version 12.00
# Visual Studio 15
VisualStudioVersion = 15.0.28307.1209
MinimumVisualStudioVersion = 10.0.40219.1
Project("{FAE04EC0-301F-11D3-BF4B-00C04F79EFBC}") = "PrinterServer", "PrinterServer\PrinterServer.csproj", "{E3B53C94-0748-46F1-971B-3BB419C2215F}"
EndProject
Global
	GlobalSection(SolutionConfigurationPlatforms) = preSolution
		Debug|Any CPU = Debug|Any CPU
		Release|Any CPU = Release|Any CPU
	EndGlobalSection
	GlobalSection(ProjectConfigurationPlatforms) = postSolution
		{E3B53C94-0748-46F1-971B-3BB419C2215F}.Debug|Any CPU.ActiveCfg = Debug|Any CPU
		{E3B53C94-0748-46F1-971B-3BB419C2215F}.Debug|Any CPU.Build.0 = Debug|Any CPU
		{E3B53C94-0748-46F1-971B-3BB419C2215F}.Release|Any CPU.ActiveCfg = Release|Any CPU
		{E3B53C94-0748-46F1-971B-3BB419C2215F}.Release|Any CPU.Build.0 = Release|Any CPU
	EndGlobalSection
	GlobalSection(SolutionProperties) = preSolution
		HideSolutionNode = FALSE
	EndGlobalSection
	GlobalSection(ExtensibilityGlobals) = postSolution
		SolutionGuid = {AEED1BC1-C72C-4FEB-A3B7-599383BDE098}
	EndGlobalSection
EndGlobal
